{
  "name": "pi-research-runtime",
  "lockfileVersion": 3,
  "requires": true,
  "packages": {
    "": {
      "name": "pi-research-runtime",
      "dependencies": {
        "@juicesharp/rpiv-todo": "2.12.0",
        "billion-context-pi": "0.1.83"
      }
    },
    "node_modules/@juicesharp/rpiv-config": {
      "version": "2.12.0",
      "resolved": "https://registry.npmjs.org/@juicesharp/rpiv-config/-/rpiv-config-2.12.0.tgz",
      "integrity": "sha512-eGjoCDCKz2JtKIUIpZ2y8CAVjxZYXCKa2D64ByozhkAWVblXsgyFLrQMk5k5Bv5RXRrA3GY66XNG5ExtEuGASA==",
      "license": "MIT",
      "peerDependencies": {
        "typebox": "*"
      }
    },
    "node_modules/@juicesharp/rpiv-todo": {
      "version": "2.12.0",
      "resolved": "https://registry.npmjs.org/@juicesharp/rpiv-todo/-/rpiv-todo-2.12.0.tgz",
      "integrity": "sha512-bTILerGqMGrWMUkahHzXTuYa4iPkRX/LTl12HPppcCdPg7pGwrC1K7/ZtPfp7Xi4cXzqEoyZpeUM6IA8y5gtEQ==",
      "license": "MIT",
      "dependencies": {
        "@juicesharp/rpiv-config": "^2.12.0"
      },
      "peerDependencies": {
        "@earendil-works/pi-ai": "*",
        "@earendil-works/pi-coding-agent": "*",
        "@earendil-works/pi-tui": "*",
        "@juicesharp/rpiv-i18n": "*",
        "typebox": "*"
      },
      "peerDependenciesMeta": {
        "@juicesharp/rpiv-i18n": {
          "optional": true
        }
      }
    },
    "node_modules/billion-context-pi": {
      "version": "0.1.83",
      "resolved": "https://registry.npmjs.org/billion-context-pi/-/billion-context-pi-0.1.83.tgz",
      "integrity": "sha512-122CcPmZvC5Yqqbj75UMppOFlkdAN8kbzvJ4OugV6xBPW6wbiHbaZ9YDYWQwDy4hJ/Vc98eOREGkWLWKflbnZw==",
      "license": "MIT",
      "engines": {
        "node": ">=20"
      },
      "peerDependencies": {
        "@earendil-works/pi-coding-agent": "*",
        "typebox": "*"
      }
    }
  }
}
