{
  "name": "pi-research-runtime",
  "lockfileVersion": 3,
  "requires": true,
  "packages": {
    "": {
      "name": "pi-research-runtime",
      "dependencies": {
        "billion-context-pi": "0.1.83"
      }
    },
    "node_modules/billion-context-pi": {
      "version": "0.1.83",
      "resolved": "https://registry.npmjs.org/billion-context-pi/-/billion-context-pi-0.1.83.tgz",
      "integrity": "sha512-122CcPmZvC5Yqqbj75UMppOFlkdAN8kbzvJ4OugV6xBPW6wbiHbaZ9YDYWQwDy4hJ/Vc98eOREGkWLWKflbnZw==",
      "license": "MIT",
      "engines": {
        "node": ">=20"
      },
      "peerDependencies": {
        "@earendil-works/pi-coding-agent": "*",
        "typebox": "*"
      }
    }
  }
}
